// !$*UTF8*$!
{
	archiveVersion = 1;
	classes = {
	};
	objectVersion = 50;
	objects = {

/* Begin PBXBuildFile section */
		9DAC78852511FE700018269F /* AppDelegate.swift in Sources */ = {isa = PBXBuildFile; fileRef = 9DAC78842511FE700018269F /* AppDelegate.swift */; };
		9DAC78872511FE700018269F /* SceneDelegate.swift in Sources */ = {isa = PBXBuildFile; fileRef = 9DAC78862511FE700018269F /* SceneDelegate.swift */; };
		9DAC788C2511FE700018269F /* Main.storyboard in Resources */ = {isa = PBXBuildFile; fileRef = 9DAC788A2511FE700018269F /* Main.storyboard */; };
		9DAC788E2511FE730018269F /* Assets.xcassets in Resources */ = {isa = PBXBuildFile; fileRef = 9DAC788D2511FE730018269F /* Assets.xcassets */; };
		9DAC78912511FE730018269F /* LaunchScreen.storyboard in Resources */ = {isa = PBXBuildFile; fileRef = 9DAC788F2511FE730018269F /* LaunchScreen.storyboard */; };
		9DAC78992511FEC10018269F /* MainViewController.swift in Sources */ = {isa = PBXBuildFile; fileRef = 9DAC78982511FEC10018269F /* MainViewController.swift */; };
		9DAC789B2511FEF60018269F /* AlbumDetailViewController.swift in Sources */ = {isa = PBXBuildFile; fileRef = 9DAC789A2511FEF60018269F /* AlbumDetailViewController.swift */; };
		9DAC79292512928C0018269F /* Ablum.swift in Sources */ = {isa = PBXBuildFile; fileRef = 9DAC79282512928C0018269F /* Ablum.swift */; };
		9DAC792E251295F90018269F /* AlbumCollectionViewCell.swift in Sources */ = {isa = PBXBuildFile; fileRef = 9DAC792D251295F90018269F /* AlbumCollectionViewCell.swift */; };
		9DAC793225129A430018269F /* DataServices.swift in Sources */ = {isa = PBXBuildFile; fileRef = 9DAC793125129A430018269F /* DataServices.swift */; };
		9DD65D8B2514872300F9D82F /* app_icon.png in Resources */ = {isa = PBXBuildFile; fileRef = 9DD65D8A2514872300F9D82F /* app_icon.png */; };
/* End PBXBuildFile section */

/* Begin PBXFileReference section */
		9DAC78812511FE700018269F /* TestPaytmInsider.app */ = {isa = PBXFileReference; explicitFileType = wrapper.application; includeInIndex = 0; path = TestPaytmInsider.app; sourceTree = BUILT_PRODUCTS_DIR; };
		9DAC78842511FE700018269F /* AppDelegate.swift */ = {isa = PBXFileReference; lastKnownFileType = sourcecode.swift; path = AppDelegate.swift; sourceTree = "<group>"; };
		9DAC78862511FE700018269F /* SceneDelegate.swift */ = {isa = PBXFileReference; lastKnownFileType = sourcecode.swift; path = SceneDelegate.swift; sourceTree = "<group>"; };
		9DAC788B2511FE700018269F /* Base */ = {isa = PBXFileReference; lastKnownFileType = file.storyboard; name = Base; path = Base.lproj/Main.storyboard; sourceTree = "<group>"; };
		9DAC788D2511FE730018269F /* Assets.xcassets */ = {isa = PBXFileReference; lastKnownFileType = folder.assetcatalog; path = Assets.xcassets; sourceTree = "<group>"; };
		9DAC78902511FE730018269F /* Base */ = {isa = PBXFileReference; lastKnownFileType = file.storyboard; name = Base; path = Base.lproj/LaunchScreen.storyboard; sourceTree = "<group>"; };
		9DAC78922511FE730018269F /* Info.plist */ = {isa = PBXFileReference; lastKnownFileType = text.plist.xml; path = Info.plist; sourceTree = "<group>"; };
		9DAC78982511FEC10018269F /* MainViewController.swift */ = {isa = PBXFileReference; lastKnownFileType = sourcecode.swift; path = MainViewController.swift; sourceTree = "<group>"; };
		9DAC789A2511FEF60018269F /* AlbumDetailViewController.swift */ = {isa = PBXFileReference; lastKnownFileType = sourcecode.swift; path = AlbumDetailViewController.swift; sourceTree = "<group>"; };
		9DAC79282512928C0018269F /* Ablum.swift */ = {isa = PBXFileReference; lastKnownFileType = sourcecode.swift; path = Ablum.swift; sourceTree = "<group>"; };
		9DAC792D251295F90018269F /* AlbumCollectionViewCell.swift */ = {isa = PBXFileReference; lastKnownFileType = sourcecode.swift; path = AlbumCollectionViewCell.swift; sourceTree = "<group>"; };
		9DAC793125129A430018269F /* DataServices.swift */ = {isa = PBXFileReference; lastKnownFileType = sourcecode.swift; path = DataServices.swift; sourceTree = "<group>"; };
		9DD65D8A2514872300F9D82F /* app_icon.png */ = {isa = PBXFileReference; lastKnownFileType = image.png; path = app_icon.png; sourceTree = "<group>"; };
/* End PBXFileReference section */

/* Begin PBXFrameworksBuildPhase section */
		9DAC787E2511FE700018269F /* Frameworks */ = {
			isa = PBXFrameworksBuildPhase;
			buildActionMask = 2147483647;
			files = (
			);
			runOnlyForDeploymentPostprocessing = 0;
		};
/* End PBXFrameworksBuildPhase section */

/* Begin PBXGroup section */
		9DAC78782511FE700018269F = {
			isa = PBXGroup;
			children = (
				9DAC78832511FE700018269F /* TestPaytmInsider */,
				9DAC78822511FE700018269F /* Products */,
			);
			sourceTree = "<group>";
		};
		9DAC78822511FE700018269F /* Products */ = {
			isa = PBXGroup;
			children = (
				9DAC78812511FE700018269F /* TestPaytmInsider.app */,
			);
			name = Products;
			sourceTree = "<group>";
		};
		9DAC78832511FE700018269F /* TestPaytmInsider */ = {
			isa = PBXGroup;
			children = (
				9DD65D972514D8CD00F9D82F /* Main */,
				9DAC793125129A430018269F /* DataServices.swift */,
				9DD65D942514D87500F9D82F /* Models */,
				9DD65D952514D88F00F9D82F /* Views */,
				9DD65D962514D8AE00F9D82F /* Controllers */,
				9DD65D982514D8E400F9D82F /* Images */,
				9DAC78922511FE730018269F /* Info.plist */,
			);
			path = TestPaytmInsider;
			sourceTree = "<group>";
		};
		9DD65D942514D87500F9D82F /* Models */ = {
			isa = PBXGroup;
			children = (
				9DAC79282512928C0018269F /* Ablum.swift */,
			);
			path = Models;
			sourceTree = "<group>";
		};
		9DD65D952514D88F00F9D82F /* Views */ = {
			isa = PBXGroup;
			children = (
				9DAC788A2511FE700018269F /* Main.storyboard */,
				9DAC788F2511FE730018269F /* LaunchScreen.storyboard */,
				9DAC788D2511FE730018269F /* Assets.xcassets */,
			);
			path = Views;
			sourceTree = "<group>";
		};
		9DD65D962514D8AE00F9D82F /* Controllers */ = {
			isa = PBXGroup;
			children = (
				9DAC78982511FEC10018269F /* MainViewController.swift */,
				9DAC789A2511FEF60018269F /* AlbumDetailViewController.swift */,
				9DAC792D251295F90018269F /* AlbumCollectionViewCell.swift */,
			);
			path = Controllers;
			sourceTree = "<group>";
		};
		9DD65D972514D8CD00F9D82F /* Main */ = {
			isa = PBXGroup;
			children = (
				9DAC78842511FE700018269F /* AppDelegate.swift */,
				9DAC78862511FE700018269F /* SceneDelegate.swift */,
			);
			path = Main;
			sourceTree = "<group>";
		};
		9DD65D982514D8E400F9D82F /* Images */ = {
			isa = PBXGroup;
			children = (
				9DD65D8A2514872300F9D82F /* app_icon.png */,
			);
			path = Images;
			sourceTree = "<group>";
		};
/* End PBXGroup section */

/* Begin PBXNativeTarget section */
		9DAC78802511FE700018269F /* TestPaytmInsider */ = {
			isa = PBXNativeTarget;
			buildConfigurationList = 9DAC78952511FE730018269F /* Build configuration list for PBXNativeTarget "TestPaytmInsider" */;
			buildPhases = (
				9DAC787D2511FE700018269F /* Sources */,
				9DAC787E2511FE700018269F /* Frameworks */,
				9DAC787F2511FE700018269F /* Resources */,
			);
			buildRules = (
			);
			dependencies = (
			);
			name = TestPaytmInsider;
			productName = TestPaytmInsider;
			productReference = 9DAC78812511FE700018269F /* TestPaytmInsider.app */;
			productType = "com.apple.product-type.application";
		};
/* End PBXNativeTarget section */

/* Begin PBXProject section */
		9DAC78792511FE700018269F /* Project object */ = {
			isa = PBXProject;
			attributes = {
				LastSwiftUpdateCheck = 1130;
				LastUpgradeCheck = 1130;
				ORGANIZATIONNAME = HarshaReddy;
				TargetAttributes = {
					9DAC78802511FE700018269F = {
						CreatedOnToolsVersion = 11.3.1;
					};
				};
			};
			buildConfigurationList = 9DAC787C2511FE700018269F /* Build configuration list for PBXProject "TestPaytmInsider" */;
			compatibilityVersion = "Xcode 9.3";
			developmentRegion = en;
			hasScannedForEncodings = 0;
			knownRegions = (
				en,
				Base,
			);
			mainGroup = 9DAC78782511FE700018269F;
			productRefGroup = 9DAC78822511FE700018269F /* Products */;
			projectDirPath = "";
			projectRoot = "";
			targets = (
				9DAC78802511FE700018269F /* TestPaytmInsider */,
			);
		};
/* End PBXProject section */

/* Begin PBXResourcesBuildPhase section */
		9DAC787F2511FE700018269F /* Resources */ = {
			isa = PBXResourcesBuildPhase;
			buildActionMask = 2147483647;
			files = (
				9DAC78912511FE730018269F /* LaunchScreen.storyboard in Resources */,
				9DAC788E2511FE730018269F /* Assets.xcassets in Resources */,
				9DD65D8B2514872300F9D82F /* app_icon.png in Resources */,
				9DAC788C2511FE700018269F /* Main.storyboard in Resources */,
			);
			runOnlyForDeploymentPostprocessing = 0;
		};
/* End PBXResourcesBuildPhase section */

/* Begin PBXSourcesBuildPhase section */
		9DAC787D2511FE700018269F /* Sources */ = {
			isa = PBXSourcesBuildPhase;
			buildActionMask = 2147483647;
			files = (
				9DAC792E251295F90018269F /* AlbumCollectionViewCell.swift in Sources */,
				9DAC78852511FE700018269F /* AppDelegate.swift in Sources */,
				9DAC789B2511FEF60018269F /* AlbumDetailViewController.swift in Sources */,
				9DAC793225129A430018269F /* DataServices.swift in Sources */,
				9DAC78872511FE700018269F /* SceneDelegate.swift in Sources */,
				9DAC78992511FEC10018269F /* MainViewController.swift in Sources */,
				9DAC79292512928C0018269F /* Ablum.swift in Sources */,
			);
			runOnlyForDeploymentPostprocessing = 0;
		};
/* End PBXSourcesBuildPhase section */

/* Begin PBXVariantGroup section */
		9DAC788A2511FE700018269F /* Main.storyboard */ = {
			isa = PBXVariantGroup;
			children = (
				9DAC788B2511FE700018269F /* Base */,
			);
			name = Main.storyboard;
			sourceTree = "<group>";
		};
		9DAC788F2511FE730018269F /* LaunchScreen.storyboard */ = {
			isa = PBXVariantGroup;
			children = (
				9DAC78902511FE730018269F /* Base */,
			);
			name = LaunchScreen.storyboard;
			sourceTree = "<group>";
		};
/* End PBXVariantGroup section */

/* Begin XCBuildConfiguration section */
		9DAC78932511FE730018269F /* Debug */ = {
			isa = XCBuildConfiguration;
			buildSettings = {
				ALWAYS_SEARCH_USER_PATHS = NO;
				CLANG_ANALYZER_NONNULL = YES;
				CLANG_ANALYZER_NUMBER_OBJECT_CONVERSION = YES_AGGRESSIVE;
				CLANG_CXX_LANGUAGE_STANDARD = "gnu++14";
				CLANG_CXX_LIBRARY = "libc++";
				CLANG_ENABLE_MODULES = YES;
				CLANG_ENABLE_OBJC_ARC = YES;
				CLANG_ENABLE_OBJC_WEAK = YES;
				CLANG_WARN_BLOCK_CAPTURE_AUTORELEASING = YES;
				CLANG_WARN_BOOL_CONVERSION = YES;
				CLANG_WARN_COMMA = YES;
				CLANG_WARN_CONSTANT_CONVERSION = YES;
				CLANG_WARN_DEPRECATED_OBJC_IMPLEMENTATIONS = YES;
				CLANG_WARN_DIRECT_OBJC_ISA_USAGE = YES_ERROR;
				CLANG_WARN_DOCUMENTATION_COMMENTS = YES;
				CLANG_WARN_EMPTY_BODY = YES;
				CLANG_WARN_ENUM_CONVERSION = YES;
				CLANG_WARN_INFINITE_RECURSION = YES;
				CLANG_WARN_INT_CONVERSION = YES;
				CLANG_WARN_NON_LITERAL_NULL_CONVERSION = YES;
				CLANG_WARN_OBJC_IMPLICIT_RETAIN_SELF = YES;
				CLANG_WARN_OBJC_LITERAL_CONVERSION = YES;
				CLANG_WARN_OBJC_ROOT_CLASS = YES_ERROR;
				CLANG_WARN_RANGE_LOOP_ANALYSIS = YES;
				CLANG_WARN_STRICT_PROTOTYPES = YES;
				CLANG_WARN_SUSPICIOUS_MOVE = YES;
				CLANG_WARN_UNGUARDED_AVAILABILITY = YES_AGGRESSIVE;
				CLANG_WARN_UNREACHABLE_CODE = YES;
				CLANG_WARN__DUPLICATE_METHOD_MATCH = YES;
				COPY_PHASE_STRIP = NO;
				DEBUG_INFORMATION_FORMAT = dwarf;
				ENABLE_STRICT_OBJC_MSGSEND = YES;
				ENABLE_TESTABILITY = YES;
				GCC_C_LANGUAGE_STANDARD = gnu11;
				GCC_DYNAMIC_NO_PIC = NO;
				GCC_NO_COMMON_BLOCKS = YES;
				GCC_OPTIMIZATION_LEVEL = 0;
				GCC_PREPROCESSOR_DEFINITIONS = (
					"DEBUG=1",
					"$(inherited)",
				);
				GCC_WARN_64_TO_32_BIT_CONVERSION = YES;
				GCC_WARN_ABOUT_RETURN_TYPE = YES_ERROR;
				GCC_WARN_UNDECLARED_SELECTOR = YES;
				GCC_WARN_UNINITIALIZED_AUTOS = YES_AGGRESSIVE;
				GCC_WARN_UNUSED_FUNCTION = YES;
				GCC_WARN_UNUSED_VARIABLE = YES;
				IPHONEOS_DEPLOYMENT_TARGET = 13.2;
				MTL_ENABLE_DEBUG_INFO = INCLUDE_SOURCE;
				MTL_FAST_MATH = YES;
				ONLY_ACTIVE_ARCH = YES;
				SDKROOT = iphoneos;
				SWIFT_ACTIVE_COMPILATION_CONDITIONS = DEBUG;
				SWIFT_OPTIMIZATION_LEVEL = "-Onone";
			};
			name = Debug;
		};
		9DAC78942511FE730018269F /* Release */ = {
			isa = XCBuildConfiguration;
			buildSettings = {
				ALWAYS_SEARCH_USER_PATHS = NO;
				CLANG_ANALYZER_NONNULL = YES;
				CLANG_ANALYZER_NUMBER_OBJECT_CONVERSION = YES_AGGRESSIVE;
				CLANG_CXX_LANGUAGE_STANDARD = "gnu++14";
				CLANG_CXX_LIBRARY = "libc++";
				CLANG_ENABLE_MODULES = YES;
				CLANG_ENABLE_OBJC_ARC = YES;
				CLANG_ENABLE_OBJC_WEAK = YES;
				CLANG_WARN_BLOCK_CAPTURE_AUTORELEASING = YES;
				CLANG_WARN_BOOL_CONVERSION = YES;
				CLANG_WARN_COMMA = YES;
				CLANG_WARN_CONSTANT_CONVERSION = YES;
				CLANG_WARN_DEPRECATED_OBJC_IMPLEMENTATIONS = YES;
				CLANG_WARN_DIRECT_OBJC_ISA_USAGE = YES_ERROR;
				CLANG_WARN_DOCUMENTATION_COMMENTS = YES;
				CLANG_WARN_EMPTY_BODY = YES;
				CLANG_WARN_ENUM_CONVERSION = YES;
				CLANG_WARN_INFINITE_RECURSION = YES;
				CLANG_WARN_INT_CONVERSION = YES;
				CLANG_WARN_NON_LITERAL_NULL_CONVERSION = YES;
				CLANG_WARN_OBJC_IMPLICIT_RETAIN_SELF = YES;
				CLANG_WARN_OBJC_LITERAL_CONVERSION = YES;
				CLANG_WARN_OBJC_ROOT_CLASS = YES_ERROR;
				CLANG_WARN_RANGE_LOOP_ANALYSIS = YES;
				CLANG_WARN_STRICT_PROTOTYPES = YES;
				CLANG_WARN_SUSPICIOUS_MOVE = YES;
				CLANG_WARN_UNGUARDED_AVAILABILITY = YES_AGGRESSIVE;
				CLANG_WARN_UNREACHABLE_CODE = YES;
				CLANG_WARN__DUPLICATE_METHOD_MATCH = YES;
				COPY_PHASE_STRIP = NO;
				DEBUG_INFORMATION_FORMAT = "dwarf-with-dsym";
				ENABLE_NS_ASSERTIONS = NO;
				ENABLE_STRICT_OBJC_MSGSEND = YES;
				GCC_C_LANGUAGE_STANDARD = gnu11;
				GCC_NO_COMMON_BLOCKS = YES;
				GCC_WARN_64_TO_32_BIT_CONVERSION = YES;
				GCC_WARN_ABOUT_RETURN_TYPE = YES_ERROR;
				GCC_WARN_UNDECLARED_SELECTOR = YES;
				GCC_WARN_UNINITIALIZED_AUTOS = YES_AGGRESSIVE;
				GCC_WARN_UNUSED_FUNCTION = YES;
				GCC_WARN_UNUSED_VARIABLE = YES;
				IPHONEOS_DEPLOYMENT_TARGET = 13.2;
				MTL_ENABLE_DEBUG_INFO = NO;
				MTL_FAST_MATH = YES;
				SDKROOT = iphoneos;
				SWIFT_COMPILATION_MODE = wholemodule;
				SWIFT_OPTIMIZATION_LEVEL = "-O";
				VALIDATE_PRODUCT = YES;
			};
			name = Release;
		};
		9DAC78962511FE730018269F /* Debug */ = {
			isa = XCBuildConfiguration;
			buildSettings = {
				ASSETCATALOG_COMPILER_APPICON_NAME = AppIcon;
				CODE_SIGN_STYLE = Automatic;
				DEVELOPMENT_TEAM = JGAPP74Y74;
				INFOPLIST_FILE = TestPaytmInsider/Info.plist;
				IPHONEOS_DEPLOYMENT_TARGET = 13.0;
				LD_RUNPATH_SEARCH_PATHS = (
					"$(inherited)",
					"@executable_path/Frameworks",
				);
				PRODUCT_BUNDLE_IDENTIFIER = com.personal.TestPaytmInsider;
				PRODUCT_NAME = "$(TARGET_NAME)";
				SWIFT_VERSION = 5.0;
				TARGETED_DEVICE_FAMILY = "1,2";
			};
			name = Debug;
		};
		9DAC78972511FE730018269F /* Release */ = {
			isa = XCBuildConfiguration;
			buildSettings = {
				ASSETCATALOG_COMPILER_APPICON_NAME = AppIcon;
				CODE_SIGN_STYLE = Automatic;
				DEVELOPMENT_TEAM = JGAPP74Y74;
				INFOPLIST_FILE = TestPaytmInsider/Info.plist;
				IPHONEOS_DEPLOYMENT_TARGET = 13.0;
				LD_RUNPATH_SEARCH_PATHS = (
					"$(inherited)",
					"@executable_path/Frameworks",
				);
				PRODUCT_BUNDLE_IDENTIFIER = com.personal.TestPaytmInsider;
				PRODUCT_NAME = "$(TARGET_NAME)";
				SWIFT_VERSION = 5.0;
				TARGETED_DEVICE_FAMILY = "1,2";
			};
			name = Release;
		};
/* End XCBuildConfiguration section */

/* Begin XCConfigurationList section */
		9DAC787C2511FE700018269F /* Build configuration list for PBXProject "TestPaytmInsider" */ = {
			isa = XCConfigurationList;
			buildConfigurations = (
				9DAC78932511FE730018269F /* Debug */,
				9DAC78942511FE730018269F /* Release */,
			);
			defaultConfigurationIsVisible = 0;
			defaultConfigurationName = Release;
		};
		9DAC78952511FE730018269F /* Build configuration list for PBXNativeTarget "TestPaytmInsider" */ = {
			isa = XCConfigurationList;
			buildConfigurations = (
				9DAC78962511FE730018269F /* Debug */,
				9DAC78972511FE730018269F /* Release */,
			);
			defaultConfigurationIsVisible = 0;
			defaultConfigurationName = Release;
		};
/* End XCConfigurationList section */
	};
	rootObject = 9DAC78792511FE700018269F /* Project object */;
}
